{
  "version": "5",
  "specifiers": {
    "jsr:@b3-business/cherry@~0.3.3": "0.3.3",
    "jsr:@std/assert@*": "1.0.14",
    "jsr:@std/internal@^1.0.10": "1.0.12",
    "npm:neverthrow@^8.2.0": "8.2.0",
    "npm:valibot@^1.2.0": "1.4.1",
    "npm:valibot@^1.4.1": "1.4.1"
  },
  "jsr": {
    "@b3-business/cherry@0.3.3": {
      "integrity": "dcfe82c038501bcfc29431400d316218a1bfd7f9572f48de550059ffab2ff876",
      "dependencies": [
        "npm:neverthrow",
        "npm:valibot@^1.2.0"
      ]
    },
    "@std/assert@1.0.14": {
      "integrity": "68d0d4a43b365abc927f45a9b85c639ea18a9fab96ad92281e493e4ed84abaa4",
      "dependencies": [
        "jsr:@std/internal"
      ]
    },
    "@std/internal@1.0.12": {
      "integrity": "972a634fd5bc34b242024402972cd5143eac68d8dffaca5eaa4dba30ce17b027"
    }
  },
  "npm": {
    "@rollup/rollup-linux-x64-gnu@4.62.2": {
      "integrity": "sha512-5BqxR/pshjey51iliyzTD5Xi3EN0aLmQ2lZ3lvefVV9c82BvrLo2/6OT55iifpWBufs6kdwWbuOKS841DrmK9A==",
      "os": ["linux"],
      "cpu": ["x64"]
    },
    "neverthrow@8.2.0": {
      "integrity": "sha512-kOCT/1MCPAxY5iUV3wytNFUMUolzuwd/VF/1KCx7kf6CutrOsTie+84zTGTpgQycjvfLdBBdvBvFLqFD2c0wkQ==",
      "optionalDependencies": [
        "@rollup/rollup-linux-x64-gnu"
      ]
    },
    "valibot@1.4.1": {
      "integrity": "sha512-klCmFTz2jeDluy9RwX+F884TCiogtdBJ/YaxSx1EOBYXa3NXNWj8kR1jjN8rzluwojJVWWaHJ4r1U5LfICnM3g=="
    }
  },
  "workspace": {
    "dependencies": [
      "jsr:@b3-business/cherry@~0.3.3",
      "npm:neverthrow@^8.2.0",
      "npm:valibot@^1.4.1"
    ]
  }
}
